Microsoft Visual Studio Solution File, Format Version 12.00
# Visual Studio Version 17
VisualStudioVersion = 17.5.2.0
MinimumVisualStudioVersion = 10.0.40219.1
Project("{2150E333-8FDC-42A3-9474-1A3956D46DE8}") = "ipGateway", "ipGateway", "{581B8254-21D7-3353-5C3F-F8CE35F61745}"
EndProject
Project("{FAE04EC0-301F-11D3-BF4B-00C04F79EFBC}") = "IpGatewayProject", "ipGateway\src\IpGatewayProject.csproj", "{A96996F6-AAB0-BB54-E567-8D9CA90B3599}"
EndProject
Global
	GlobalSection(SolutionConfigurationPlatforms) = preSolution
		Debug|Any CPU = Debug|Any CPU
		Release|Any CPU = Release|Any CPU
	EndGlobalSection
	GlobalSection(ProjectConfigurationPlatforms) = postSolution
		{A96996F6-AAB0-BB54-E567-8D9CA90B3599}.Debug|Any CPU.ActiveCfg = Debug|Any CPU
		{A96996F6-AAB0-BB54-E567-8D9CA90B3599}.Debug|Any CPU.Build.0 = Debug|Any CPU
		{A96996F6-AAB0-BB54-E567-8D9CA90B3599}.Release|Any CPU.ActiveCfg = Release|Any CPU
		{A96996F6-AAB0-BB54-E567-8D9CA90B3599}.Release|Any CPU.Build.0 = Release|Any CPU
	EndGlobalSection
	GlobalSection(SolutionProperties) = preSolution
		HideSolutionNode = FALSE
	EndGlobalSection
	GlobalSection(NestedProjects) = preSolution
		{A96996F6-AAB0-BB54-E567-8D9CA90B3599} = {581B8254-21D7-3353-5C3F-F8CE35F61745}
	EndGlobalSection
	GlobalSection(ExtensibilityGlobals) = postSolution
		SolutionGuid = {E06A228C-F119-4184-B108-ADD768521640}
	EndGlobalSection
EndGlobal
